// !$*UTF8*$!
{
	archiveVersion = 1;
	classes = {
	};
	objectVersion = 51;
	objects = {

/* Begin PBXBuildFile section */
		C9C9E6D8230E005900A77A40 /* AppDelegate.swift in Sources */ = {isa = PBXBuildFile; fileRef = C9C9E6D7230E005900A77A40 /* AppDelegate.swift */; };
		C9C9E6DA230E005900A77A40 /* ViewController.swift in Sources */ = {isa = PBXBuildFile; fileRef = C9C9E6D9230E005900A77A40 /* ViewController.swift */; };
		C9C9E6DD230E005900A77A40 /* Main.storyboard in Resources */ = {isa = PBXBuildFile; fileRef = C9C9E6DB230E005900A77A40 /* Main.storyboard */; };
		C9C9E6DF230E005A00A77A40 /* Assets.xcassets in Resources */ = {isa = PBXBuildFile; fileRef = C9C9E6DE230E005A00A77A40 /* Assets.xcassets */; };
		C9C9E6E2230E005A00A77A40 /* LaunchScreen.storyboard in Resources */ = {isa = PBXBuildFile; fileRef = C9C9E6E0230E005A00A77A40 /* LaunchScreen.storyboard */; };
		C9C9E6ED230E005A00A77A40 /* WeatherTests.swift in Sources */ = {isa = PBXBuildFile; fileRef = C9C9E6EC230E005A00A77A40 /* WeatherTests.swift */; };
		C9C9E6F8230E005A00A77A40 /* WeatherUITests.swift in Sources */ = {isa = PBXBuildFile; fileRef = C9C9E6F7230E005A00A77A40 /* WeatherUITests.swift */; };
		D489633950BC6E91E857F256 /* Pods_WeatherTests.framework in Frameworks */ = {isa = PBXBuildFile; fileRef = A9B9D143688EE89429A7AD2B /* Pods_WeatherTests.framework */; };
		E861F9109387BAD2ACBA1E3D /* Pods_Weather.framework in Frameworks */ = {isa = PBXBuildFile; fileRef = 98090908A66DFDA80473821B /* Pods_Weather.framework */; };
		F74DFBD73FEAC62A732F5149 /* Pods_WeatherUITests.framework in Frameworks */ = {isa = PBXBuildFile; fileRef = 6731CD7220B6701FE860F927 /* Pods_WeatherUITests.framework */; };
/* End PBXBuildFile section */

/* Begin PBXContainerItemProxy section */
		C9C9E6E9230E005A00A77A40 /* PBXContainerItemProxy */ = {
			isa = PBXContainerItemProxy;
			containerPortal = C9C9E6CC230E005900A77A40 /* Project object */;
			proxyType = 1;
			remoteGlobalIDString = C9C9E6D3230E005900A77A40;
			remoteInfo = Weather;
		};
		C9C9E6F4230E005A00A77A40 /* PBXContainerItemProxy */ = {
			isa = PBXContainerItemProxy;
			containerPortal = C9C9E6CC230E005900A77A40 /* Project object */;
			proxyType = 1;
			remoteGlobalIDString = C9C9E6D3230E005900A77A40;
			remoteInfo = Weather;
		};
/* End PBXContainerItemProxy section */

/* Begin PBXFileReference section */
		573B0BC9B8031EA1710C0490 /* Pods-WeatherUITests.debug.xcconfig */ = {isa = PBXFileReference; includeInIndex = 1; lastKnownFileType = text.xcconfig; name = "Pods-WeatherUITests.debug.xcconfig"; path = "Target Support Files/Pods-WeatherUITests/Pods-WeatherUITests.debug.xcconfig"; sourceTree = "<group>"; };
		6731CD7220B6701FE860F927 /* Pods_WeatherUITests.framework */ = {isa = PBXFileReference; explicitFileType = wrapper.framework; includeInIndex = 0; path = Pods_WeatherUITests.framework; sourceTree = BUILT_PRODUCTS_DIR; };
		6B87BF27DEBB86DC69B91955 /* Pods-WeatherTests.release.xcconfig */ = {isa = PBXFileReference; includeInIndex = 1; lastKnownFileType = text.xcconfig; name = "Pods-WeatherTests.release.xcconfig"; path = "Target Support Files/Pods-WeatherTests/Pods-WeatherTests.release.xcconfig"; sourceTree = "<group>"; };
		926047E0FC5525823DE87EB6 /* Pods-Weather.release.xcconfig */ = {isa = PBXFileReference; includeInIndex = 1; lastKnownFileType = text.xcconfig; name = "Pods-Weather.release.xcconfig"; path = "Target Support Files/Pods-Weather/Pods-Weather.release.xcconfig"; sourceTree = "<group>"; };
		98090908A66DFDA80473821B /* Pods_Weather.framework */ = {isa = PBXFileReference; explicitFileType = wrapper.framework; includeInIndex = 0; path = Pods_Weather.framework; sourceTree = BUILT_PRODUCTS_DIR; };
		A9B9D143688EE89429A7AD2B /* Pods_WeatherTests.framework */ = {isa = PBXFileReference; explicitFileType = wrapper.framework; includeInIndex = 0; path = Pods_WeatherTests.framework; sourceTree = BUILT_PRODUCTS_DIR; };
		C9C9E6D4230E005900A77A40 /* Weather.app */ = {isa = PBXFileReference; explicitFileType = wrapper.application; includeInIndex = 0; path = Weather.app; sourceTree = BUILT_PRODUCTS_DIR; };
		C9C9E6D7230E005900A77A40 /* AppDelegate.swift */ = {isa = PBXFileReference; lastKnownFileType = sourcecode.swift; path = AppDelegate.swift; sourceTree = "<group>"; };
		C9C9E6D9230E005900A77A40 /* ViewController.swift */ = {isa = PBXFileReference; lastKnownFileType = sourcecode.swift; path = ViewController.swift; sourceTree = "<group>"; };
		C9C9E6DC230E005900A77A40 /* Base */ = {isa = PBXFileReference; lastKnownFileType = file.storyboard; name = Base; path = Base.lproj/Main.storyboard; sourceTree = "<group>"; };
		C9C9E6DE230E005A00A77A40 /* Assets.xcassets */ = {isa = PBXFileReference; lastKnownFileType = folder.assetcatalog; path = Assets.xcassets; sourceTree = "<group>"; };
		C9C9E6E1230E005A00A77A40 /* Base */ = {isa = PBXFileReference; lastKnownFileType = file.storyboard; name = Base; path = Base.lproj/LaunchScreen.storyboard; sourceTree = "<group>"; };
		C9C9E6E3230E005A00A77A40 /* Info.plist */ = {isa = PBXFileReference; lastKnownFileType = text.plist.xml; path = Info.plist; sourceTree = "<group>"; };
		C9C9E6E8230E005A00A77A40 /* WeatherTests.xctest */ = {isa = PBXFileReference; explicitFileType = wrapper.cfbundle; includeInIndex = 0; path = WeatherTests.xctest; sourceTree = BUILT_PRODUCTS_DIR; };
		C9C9E6EC230E005A00A77A40 /* WeatherTests.swift */ = {isa = PBXFileReference; lastKnownFileType = sourcecode.swift; path = WeatherTests.swift; sourceTree = "<group>"; };
		C9C9E6EE230E005A00A77A40 /* Info.plist */ = {isa = PBXFileReference; lastKnownFileType = text.plist.xml; path = Info.plist; sourceTree = "<group>"; };
		C9C9E6F3230E005A00A77A40 /* WeatherUITests.xctest */ = {isa = PBXFileReference; explicitFileType = wrapper.cfbundle; includeInIndex = 0; path = WeatherUITests.xctest; sourceTree = BUILT_PRODUCTS_DIR; };
		C9C9E6F7230E005A00A77A40 /* WeatherUITests.swift */ = {isa = PBXFileReference; lastKnownFileType = sourcecode.swift; path = WeatherUITests.swift; sourceTree = "<group>"; };
		C9C9E6F9230E005A00A77A40 /* Info.plist */ = {isa = PBXFileReference; lastKnownFileType = text.plist.xml; path = Info.plist; sourceTree = "<group>"; };
		CD11E3E79E41D262B8D2AC80 /* Pods-Weather.debug.xcconfig */ = {isa = PBXFileReference; includeInIndex = 1; lastKnownFileType = text.xcconfig; name = "Pods-Weather.debug.xcconfig"; path = "Target Support Files/Pods-Weather/Pods-Weather.debug.xcconfig"; sourceTree = "<group>"; };
		FA90D69282DB8FE3002E5199 /* Pods-WeatherUITests.release.xcconfig */ = {isa = PBXFileReference; includeInIndex = 1; lastKnownFileType = text.xcconfig; name = "Pods-WeatherUITests.release.xcconfig"; path = "Target Support Files/Pods-WeatherUITests/Pods-WeatherUITests.release.xcconfig"; sourceTree = "<group>"; };
		FD00C7EC835D6599761FA811 /* Pods-WeatherTests.debug.xcconfig */ = {isa = PBXFileReference; includeInIndex = 1; lastKnownFileType = text.xcconfig; name = "Pods-WeatherTests.debug.xcconfig"; path = "Target Support Files/Pods-WeatherTests/Pods-WeatherTests.debug.xcconfig"; sourceTree = "<group>"; };
/* End PBXFileReference section */

/* Begin PBXFrameworksBuildPhase section */
		C9C9E6D1230E005900A77A40 /* Frameworks */ = {
			isa = PBXFrameworksBuildPhase;
			buildActionMask = 2147483647;
			files = (
				E861F9109387BAD2ACBA1E3D /* Pods_Weather.framework in Frameworks */,
			);
			runOnlyForDeploymentPostprocessing = 0;
		};
		C9C9E6E5230E005A00A77A40 /* Frameworks */ = {
			isa = PBXFrameworksBuildPhase;
			buildActionMask = 2147483647;
			files = (
				D489633950BC6E91E857F256 /* Pods_WeatherTests.framework in Frameworks */,
			);
			runOnlyForDeploymentPostprocessing = 0;
		};
		C9C9E6F0230E005A00A77A40 /* Frameworks */ = {
			isa = PBXFrameworksBuildPhase;
			buildActionMask = 2147483647;
			files = (
				F74DFBD73FEAC62A732F5149 /* Pods_WeatherUITests.framework in Frameworks */,
			);
			runOnlyForDeploymentPostprocessing = 0;
		};
/* End PBXFrameworksBuildPhase section */

/* Begin PBXGroup section */
		0135EB26E803007D4A72CBBF /* Pods */ = {
			isa = PBXGroup;
			children = (
				CD11E3E79E41D262B8D2AC80 /* Pods-Weather.debug.xcconfig */,
				926047E0FC5525823DE87EB6 /* Pods-Weather.release.xcconfig */,
				FD00C7EC835D6599761FA811 /* Pods-WeatherTests.debug.xcconfig */,
				6B87BF27DEBB86DC69B91955 /* Pods-WeatherTests.release.xcconfig */,
				573B0BC9B8031EA1710C0490 /* Pods-WeatherUITests.debug.xcconfig */,
				FA90D69282DB8FE3002E5199 /* Pods-WeatherUITests.release.xcconfig */,
			);
			path = Pods;
			sourceTree = "<group>";
		};
		A47F4D831151F4629CD414F5 /* Frameworks */ = {
			isa = PBXGroup;
			children = (
				98090908A66DFDA80473821B /* Pods_Weather.framework */,
				A9B9D143688EE89429A7AD2B /* Pods_WeatherTests.framework */,
				6731CD7220B6701FE860F927 /* Pods_WeatherUITests.framework */,
			);
			name = Frameworks;
			sourceTree = "<group>";
		};
		C9C9E6CB230E005900A77A40 = {
			isa = PBXGroup;
			children = (
				C9C9E6D6230E005900A77A40 /* Weather */,
				C9C9E6EB230E005A00A77A40 /* WeatherTests */,
				C9C9E6F6230E005A00A77A40 /* WeatherUITests */,
				C9C9E6D5230E005900A77A40 /* Products */,
				0135EB26E803007D4A72CBBF /* Pods */,
				A47F4D831151F4629CD414F5 /* Frameworks */,
			);
			sourceTree = "<group>";
		};
		C9C9E6D5230E005900A77A40 /* Products */ = {
			isa = PBXGroup;
			children = (
				C9C9E6D4230E005900A77A40 /* Weather.app */,
				C9C9E6E8230E005A00A77A40 /* WeatherTests.xctest */,
				C9C9E6F3230E005A00A77A40 /* WeatherUITests.xctest */,
			);
			name = Products;
			sourceTree = "<group>";
		};
		C9C9E6D6230E005900A77A40 /* Weather */ = {
			isa = PBXGroup;
			children = (
				C9C9E6D7230E005900A77A40 /* AppDelegate.swift */,
				C9C9E6D9230E005900A77A40 /* ViewController.swift */,
				C9C9E6DB230E005900A77A40 /* Main.storyboard */,
				C9C9E6DE230E005A00A77A40 /* Assets.xcassets */,
				C9C9E6E0230E005A00A77A40 /* LaunchScreen.storyboard */,
				C9C9E6E3230E005A00A77A40 /* Info.plist */,
			);
			path = Weather;
			sourceTree = "<group>";
		};
		C9C9E6EB230E005A00A77A40 /* WeatherTests */ = {
			isa = PBXGroup;
			children = (
				C9C9E6EC230E005A00A77A40 /* WeatherTests.swift */,
				C9C9E6EE230E005A00A77A40 /* Info.plist */,
			);
			path = WeatherTests;
			sourceTree = "<group>";
		};
		C9C9E6F6230E005A00A77A40 /* WeatherUITests */ = {
			isa = PBXGroup;
			children = (
				C9C9E6F7230E005A00A77A40 /* WeatherUITests.swift */,
				C9C9E6F9230E005A00A77A40 /* Info.plist */,
			);
			path = WeatherUITests;
			sourceTree = "<group>";
		};
/* End PBXGroup section */

/* Begin PBXNativeTarget section */
		C9C9E6D3230E005900A77A40 /* Weather */ = {
			isa = PBXNativeTarget;
			buildConfigurationList = C9C9E6FC230E005A00A77A40 /* Build configuration list for PBXNativeTarget "Weather" */;
			buildPhases = (
				3EA49E9DFC3BED985CF73DD9 /* [CP] Check Pods Manifest.lock */,
				C9C9E6D0230E005900A77A40 /* Sources */,
				C9C9E6D1230E005900A77A40 /* Frameworks */,
				C9C9E6D2230E005900A77A40 /* Resources */,
				77644E9ADEFF719619894D96 /* [CP] Embed Pods Frameworks */,
			);
			buildRules = (
			);
			dependencies = (
			);
			name = Weather;
			productName = Weather;
			productReference = C9C9E6D4230E005900A77A40 /* Weather.app */;
			productType = "com.apple.product-type.application";
		};
		C9C9E6E7230E005A00A77A40 /* WeatherTests */ = {
			isa = PBXNativeTarget;
			buildConfigurationList = C9C9E6FF230E005A00A77A40 /* Build configuration list for PBXNativeTarget "WeatherTests" */;
			buildPhases = (
				0CE4722D9B61D1B23FEA4B3D /* [CP] Check Pods Manifest.lock */,
				C9C9E6E4230E005A00A77A40 /* Sources */,
				C9C9E6E5230E005A00A77A40 /* Frameworks */,
				C9C9E6E6230E005A00A77A40 /* Resources */,
			);
			buildRules = (
			);
			dependencies = (
				C9C9E6EA230E005A00A77A40 /* PBXTargetDependency */,
			);
			name = WeatherTests;
			productName = WeatherTests;
			productReference = C9C9E6E8230E005A00A77A40 /* WeatherTests.xctest */;
			productType = "com.apple.product-type.bundle.unit-test";
		};
		C9C9E6F2230E005A00A77A40 /* WeatherUITests */ = {
			isa = PBXNativeTarget;
			buildConfigurationList = C9C9E702230E005A00A77A40 /* Build configuration list for PBXNativeTarget "WeatherUITests" */;
			buildPhases = (
				EACD508B365D12D60F681997 /* [CP] Check Pods Manifest.lock */,
				C9C9E6EF230E005A00A77A40 /* Sources */,
				C9C9E6F0230E005A00A77A40 /* Frameworks */,
				C9C9E6F1230E005A00A77A40 /* Resources */,
			);
			buildRules = (
			);
			dependencies = (
				C9C9E6F5230E005A00A77A40 /* PBXTargetDependency */,
			);
			name = WeatherUITests;
			productName = WeatherUITests;
			productReference = C9C9E6F3230E005A00A77A40 /* WeatherUITests.xctest */;
			productType = "com.apple.product-type.bundle.ui-testing";
		};
/* End PBXNativeTarget section */

/* Begin PBXProject section */
		C9C9E6CC230E005900A77A40 /* Project object */ = {
			isa = PBXProject;
			attributes = {
				LastSwiftUpdateCheck = 1030;
				LastUpgradeCheck = 1030;
				ORGANIZATIONNAME = mukh.io;
				TargetAttributes = {
					C9C9E6D3230E005900A77A40 = {
						CreatedOnToolsVersion = 10.3;
					};
					C9C9E6E7230E005A00A77A40 = {
						CreatedOnToolsVersion = 10.3;
						TestTargetID = C9C9E6D3230E005900A77A40;
					};
					C9C9E6F2230E005A00A77A40 = {
						CreatedOnToolsVersion = 10.3;
						TestTargetID = C9C9E6D3230E005900A77A40;
					};
				};
			};
			buildConfigurationList = C9C9E6CF230E005900A77A40 /* Build configuration list for PBXProject "Weather" */;
			compatibilityVersion = "Xcode 9.3";
			developmentRegion = en;
			hasScannedForEncodings = 0;
			knownRegions = (
				en,
				Base,
			);
			mainGroup = C9C9E6CB230E005900A77A40;
			productRefGroup = C9C9E6D5230E005900A77A40 /* Products */;
			projectDirPath = "";
			projectRoot = "";
			targets = (
				C9C9E6D3230E005900A77A40 /* Weather */,
				C9C9E6E7230E005A00A77A40 /* WeatherTests */,
				C9C9E6F2230E005A00A77A40 /* WeatherUITests */,
			);
		};
/* End PBXProject section */

/* Begin PBXResourcesBuildPhase section */
		C9C9E6D2230E005900A77A40 /* Resources */ = {
			isa = PBXResourcesBuildPhase;
			buildActionMask = 2147483647;
			files = (
				C9C9E6E2230E005A00A77A40 /* LaunchScreen.storyboard in Resources */,
				C9C9E6DF230E005A00A77A40 /* Assets.xcassets in Resources */,
				C9C9E6DD230E005900A77A40 /* Main.storyboard in Resources */,
			);
			runOnlyForDeploymentPostprocessing = 0;
		};
		C9C9E6E6230E005A00A77A40 /* Resources */ = {
			isa = PBXResourcesBuildPhase;
			buildActionMask = 2147483647;
			files = (
			);
			runOnlyForDeploymentPostprocessing = 0;
		};
		C9C9E6F1230E005A00A77A40 /* Resources */ = {
			isa = PBXResourcesBuildPhase;
			buildActionMask = 2147483647;
			files = (
			);
			runOnlyForDeploymentPostprocessing = 0;
		};
/* End PBXResourcesBuildPhase section */

/* Begin PBXShellScriptBuildPhase section */
		0CE4722D9B61D1B23FEA4B3D /* [CP] Check Pods Manifest.lock */ = {
			isa = PBXShellScriptBuildPhase;
			buildActionMask = 2147483647;
			files = (
			);
			inputFileListPaths = (
			);
			inputPaths = (
				"${PODS_PODFILE_DIR_PATH}/Podfile.lock",
				"${PODS_ROOT}/Manifest.lock",
			);
			name = "[CP] Check Pods Manifest.lock";
			outputFileListPaths = (
			);
			outputPaths = (
				"$(DERIVED_FILE_DIR)/Pods-WeatherTests-checkManifestLockResult.txt",
			);
			runOnlyForDeploymentPostprocessing = 0;
			shellPath = /bin/sh;
			shellScript = "diff \"${PODS_PODFILE_DIR_PATH}/Podfile.lock\" \"${PODS_ROOT}/Manifest.lock\" > /dev/null\nif [ $? != 0 ] ; then\n    # print error to STDERR\n    echo \"error: The sandbox is not in sync with the Podfile.lock. Run 'pod install' or update your CocoaPods installation.\" >&2\n    exit 1\nfi\n# This output is used by Xcode 'outputs' to avoid re-running this script phase.\necho \"SUCCESS\" > \"${SCRIPT_OUTPUT_FILE_0}\"\n";
			showEnvVarsInLog = 0;
		};
		3EA49E9DFC3BED985CF73DD9 /* [CP] Check Pods Manifest.lock */ = {
			isa = PBXShellScriptBuildPhase;
			buildActionMask = 2147483647;
			files = (
			);
			inputFileListPaths = (
			);
			inputPaths = (
				"${PODS_PODFILE_DIR_PATH}/Podfile.lock",
				"${PODS_ROOT}/Manifest.lock",
			);
			name = "[CP] Check Pods Manifest.lock";
			outputFileListPaths = (
			);
			outputPaths = (
				"$(DERIVED_FILE_DIR)/Pods-Weather-checkManifestLockResult.txt",
			);
			runOnlyForDeploymentPostprocessing = 0;
			shellPath = /bin/sh;
			shellScript = "diff \"${PODS_PODFILE_DIR_PATH}/Podfile.lock\" \"${PODS_ROOT}/Manifest.lock\" > /dev/null\nif [ $? != 0 ] ; then\n    # print error to STDERR\n    echo \"error: The sandbox is not in sync with the Podfile.lock. Run 'pod install' or update your CocoaPods installation.\" >&2\n    exit 1\nfi\n# This output is used by Xcode 'outputs' to avoid re-running this script phase.\necho \"SUCCESS\" > \"${SCRIPT_OUTPUT_FILE_0}\"\n";
			showEnvVarsInLog = 0;
		};
		77644E9ADEFF719619894D96 /* [CP] Embed Pods Frameworks */ = {
			isa = PBXShellScriptBuildPhase;
			buildActionMask = 2147483647;
			files = (
			);
			inputFileListPaths = (
				"${PODS_ROOT}/Target Support Files/Pods-Weather/Pods-Weather-frameworks-${CONFIGURATION}-input-files.xcfilelist",
			);
			name = "[CP] Embed Pods Frameworks";
			outputFileListPaths = (
				"${PODS_ROOT}/Target Support Files/Pods-Weather/Pods-Weather-frameworks-${CONFIGURATION}-output-files.xcfilelist",
			);
			runOnlyForDeploymentPostprocessing = 0;
			shellPath = /bin/sh;
			shellScript = "\"${PODS_ROOT}/Target Support Files/Pods-Weather/Pods-Weather-frameworks.sh\"\n";
			showEnvVarsInLog = 0;
		};
		EACD508B365D12D60F681997 /* [CP] Check Pods Manifest.lock */ = {
			isa = PBXShellScriptBuildPhase;
			buildActionMask = 2147483647;
			files = (
			);
			inputFileListPaths = (
			);
			inputPaths = (
				"${PODS_PODFILE_DIR_PATH}/Podfile.lock",
				"${PODS_ROOT}/Manifest.lock",
			);
			name = "[CP] Check Pods Manifest.lock";
			outputFileListPaths = (
			);
			outputPaths = (
				"$(DERIVED_FILE_DIR)/Pods-WeatherUITests-checkManifestLockResult.txt",
			);
			runOnlyForDeploymentPostprocessing = 0;
			shellPath = /bin/sh;
			shellScript = "diff \"${PODS_PODFILE_DIR_PATH}/Podfile.lock\" \"${PODS_ROOT}/Manifest.lock\" > /dev/null\nif [ $? != 0 ] ; then\n    # print error to STDERR\n    echo \"error: The sandbox is not in sync with the Podfile.lock. Run 'pod install' or update your CocoaPods installation.\" >&2\n    exit 1\nfi\n# This output is used by Xcode 'outputs' to avoid re-running this script phase.\necho \"SUCCESS\" > \"${SCRIPT_OUTPUT_FILE_0}\"\n";
			showEnvVarsInLog = 0;
		};
/* End PBXShellScriptBuildPhase section */

/* Begin PBXSourcesBuildPhase section */
		C9C9E6D0230E005900A77A40 /* Sources */ = {
			isa = PBXSourcesBuildPhase;
			buildActionMask = 2147483647;
			files = (
				C9C9E6DA230E005900A77A40 /* ViewController.swift in Sources */,
				C9C9E6D8230E005900A77A40 /* AppDelegate.swift in Sources */,
			);
			runOnlyForDeploymentPostprocessing = 0;
		};
		C9C9E6E4230E005A00A77A40 /* Sources */ = {
			isa = PBXSourcesBuildPhase;
			buildActionMask = 2147483647;
			files = (
				C9C9E6ED230E005A00A77A40 /* WeatherTests.swift in Sources */,
			);
			runOnlyForDeploymentPostprocessing = 0;
		};
		C9C9E6EF230E005A00A77A40 /* Sources */ = {
			isa = PBXSourcesBuildPhase;
			buildActionMask = 2147483647;
			files = (
				C9C9E6F8230E005A00A77A40 /* WeatherUITests.swift in Sources */,
			);
			runOnlyForDeploymentPostprocessing = 0;
		};
/* End PBXSourcesBuildPhase section */

/* Begin PBXTargetDependency section */
		C9C9E6EA230E005A00A77A40 /* PBXTargetDependency */ = {
			isa = PBXTargetDependency;
			target = C9C9E6D3230E005900A77A40 /* Weather */;
			targetProxy = C9C9E6E9230E005A00A77A40 /* PBXContainerItemProxy */;
		};
		C9C9E6F5230E005A00A77A40 /* PBXTargetDependency */ = {
			isa = PBXTargetDependency;
			target = C9C9E6D3230E005900A77A40 /* Weather */;
			targetProxy = C9C9E6F4230E005A00A77A40 /* PBXContainerItemProxy */;
		};
/* End PBXTargetDependency section */

/* Begin PBXVariantGroup section */
		C9C9E6DB230E005900A77A40 /* Main.storyboard */ = {
			isa = PBXVariantGroup;
			children = (
				C9C9E6DC230E005900A77A40 /* Base */,
			);
			name = Main.storyboard;
			sourceTree = "<group>";
		};
		C9C9E6E0230E005A00A77A40 /* LaunchScreen.storyboard */ = {
			isa = PBXVariantGroup;
			children = (
				C9C9E6E1230E005A00A77A40 /* Base */,
			);
			name = LaunchScreen.storyboard;
			sourceTree = "<group>";
		};
/* End PBXVariantGroup section */

/* Begin XCBuildConfiguration section */
		C9C9E6FA230E005A00A77A40 /* Debug */ = {
			isa = XCBuildConfiguration;
			buildSettings = {
				ALWAYS_SEARCH_USER_PATHS = NO;
				CLANG_ANALYZER_NONNULL = YES;
				CLANG_ANALYZER_NUMBER_OBJECT_CONVERSION = YES_AGGRESSIVE;
				CLANG_CXX_LANGUAGE_STANDARD = "gnu++14";
				CLANG_CXX_LIBRARY = "libc++";
				CLANG_ENABLE_MODULES = YES;
				CLANG_ENABLE_OBJC_ARC = YES;
				CLANG_ENABLE_OBJC_WEAK = YES;
				CLANG_WARN_BLOCK_CAPTURE_AUTORELEASING = YES;
				CLANG_WARN_BOOL_CONVERSION = YES;
				CLANG_WARN_COMMA = YES;
				CLANG_WARN_CONSTANT_CONVERSION = YES;
				CLANG_WARN_DEPRECATED_OBJC_IMPLEMENTATIONS = YES;
				CLANG_WARN_DIRECT_OBJC_ISA_USAGE = YES_ERROR;
				CLANG_WARN_DOCUMENTATION_COMMENTS = YES;
				CLANG_WARN_EMPTY_BODY = YES;
				CLANG_WARN_ENUM_CONVERSION = YES;
				CLANG_WARN_INFINITE_RECURSION = YES;
				CLANG_WARN_INT_CONVERSION = YES;
				CLANG_WARN_NON_LITERAL_NULL_CONVERSION = YES;
				CLANG_WARN_OBJC_IMPLICIT_RETAIN_SELF = YES;
				CLANG_WARN_OBJC_LITERAL_CONVERSION = YES;
				CLANG_WARN_OBJC_ROOT_CLASS = YES_ERROR;
				CLANG_WARN_RANGE_LOOP_ANALYSIS = YES;
				CLANG_WARN_STRICT_PROTOTYPES = YES;
				CLANG_WARN_SUSPICIOUS_MOVE = YES;
				CLANG_WARN_UNGUARDED_AVAILABILITY = YES_AGGRESSIVE;
				CLANG_WARN_UNREACHABLE_CODE = YES;
				CLANG_WARN__DUPLICATE_METHOD_MATCH = YES;
				CODE_SIGN_IDENTITY = "iPhone Developer";
				COPY_PHASE_STRIP = NO;
				DEBUG_INFORMATION_FORMAT = dwarf;
				ENABLE_STRICT_OBJC_MSGSEND = YES;
				ENABLE_TESTABILITY = YES;
				GCC_C_LANGUAGE_STANDARD = gnu11;
				GCC_DYNAMIC_NO_PIC = NO;
				GCC_NO_COMMON_BLOCKS = YES;
				GCC_OPTIMIZATION_LEVEL = 0;
				GCC_PREPROCESSOR_DEFINITIONS = (
					"DEBUG=1",
					"$(inherited)",
				);
				GCC_WARN_64_TO_32_BIT_CONVERSION = YES;
				GCC_WARN_ABOUT_RETURN_TYPE = YES_ERROR;
				GCC_WARN_UNDECLARED_SELECTOR = YES;
				GCC_WARN_UNINITIALIZED_AUTOS = YES_AGGRESSIVE;
				GCC_WARN_UNUSED_FUNCTION = YES;
				GCC_WARN_UNUSED_VARIABLE = YES;
				IPHONEOS_DEPLOYMENT_TARGET = 12.4;
				MTL_ENABLE_DEBUG_INFO = INCLUDE_SOURCE;
				MTL_FAST_MATH = YES;
				ONLY_ACTIVE_ARCH = YES;
				SDKROOT = iphoneos;
				SWIFT_ACTIVE_COMPILATION_CONDITIONS = DEBUG;
				SWIFT_OPTIMIZATION_LEVEL = "-Onone";
			};
			name = Debug;
		};
		C9C9E6FB230E005A00A77A40 /* Release */ = {
			isa = XCBuildConfiguration;
			buildSettings = {
				ALWAYS_SEARCH_USER_PATHS = NO;
				CLANG_ANALYZER_NONNULL = YES;
				CLANG_ANALYZER_NUMBER_OBJECT_CONVERSION = YES_AGGRESSIVE;
				CLANG_CXX_LANGUAGE_STANDARD = "gnu++14";
				CLANG_CXX_LIBRARY = "libc++";
				CLANG_ENABLE_MODULES = YES;
				CLANG_ENABLE_OBJC_ARC = YES;
				CLANG_ENABLE_OBJC_WEAK = YES;
				CLANG_WARN_BLOCK_CAPTURE_AUTORELEASING = YES;
				CLANG_WARN_BOOL_CONVERSION = YES;
				CLANG_WARN_COMMA = YES;
				CLANG_WARN_CONSTANT_CONVERSION = YES;
				CLANG_WARN_DEPRECATED_OBJC_IMPLEMENTATIONS = YES;
				CLANG_WARN_DIRECT_OBJC_ISA_USAGE = YES_ERROR;
				CLANG_WARN_DOCUMENTATION_COMMENTS = YES;
				CLANG_WARN_EMPTY_BODY = YES;
				CLANG_WARN_ENUM_CONVERSION = YES;
				CLANG_WARN_INFINITE_RECURSION = YES;
				CLANG_WARN_INT_CONVERSION = YES;
				CLANG_WARN_NON_LITERAL_NULL_CONVERSION = YES;
				CLANG_WARN_OBJC_IMPLICIT_RETAIN_SELF = YES;
				CLANG_WARN_OBJC_LITERAL_CONVERSION = YES;
				CLANG_WARN_OBJC_ROOT_CLASS = YES_ERROR;
				CLANG_WARN_RANGE_LOOP_ANALYSIS = YES;
				CLANG_WARN_STRICT_PROTOTYPES = YES;
				CLANG_WARN_SUSPICIOUS_MOVE = YES;
				CLANG_WARN_UNGUARDED_AVAILABILITY = YES_AGGRESSIVE;
				CLANG_WARN_UNREACHABLE_CODE = YES;
				CLANG_WARN__DUPLICATE_METHOD_MATCH = YES;
				CODE_SIGN_IDENTITY = "iPhone Developer";
				COPY_PHASE_STRIP = NO;
				DEBUG_INFORMATION_FORMAT = "dwarf-with-dsym";
				ENABLE_NS_ASSERTIONS = NO;
				ENABLE_STRICT_OBJC_MSGSEND = YES;
				GCC_C_LANGUAGE_STANDARD = gnu11;
				GCC_NO_COMMON_BLOCKS = YES;
				GCC_WARN_64_TO_32_BIT_CONVERSION = YES;
				GCC_WARN_ABOUT_RETURN_TYPE = YES_ERROR;
				GCC_WARN_UNDECLARED_SELECTOR = YES;
				GCC_WARN_UNINITIALIZED_AUTOS = YES_AGGRESSIVE;
				GCC_WARN_UNUSED_FUNCTION = YES;
				GCC_WARN_UNUSED_VARIABLE = YES;
				IPHONEOS_DEPLOYMENT_TARGET = 12.4;
				MTL_ENABLE_DEBUG_INFO = NO;
				MTL_FAST_MATH = YES;
				SDKROOT = iphoneos;
				SWIFT_COMPILATION_MODE = wholemodule;
				SWIFT_OPTIMIZATION_LEVEL = "-O";
				VALIDATE_PRODUCT = YES;
			};
			name = Release;
		};
		C9C9E6FD230E005A00A77A40 /* Debug */ = {
			isa = XCBuildConfiguration;
			baseConfigurationReference = CD11E3E79E41D262B8D2AC80 /* Pods-Weather.debug.xcconfig */;
			buildSettings = {
				ASSETCATALOG_COMPILER_APPICON_NAME = AppIcon;
				CODE_SIGN_STYLE = Automatic;
				INFOPLIST_FILE = Weather/Info.plist;
				LD_RUNPATH_SEARCH_PATHS = (
					"$(inherited)",
					"@executable_path/Frameworks",
				);
				PRODUCT_BUNDLE_IDENTIFIER = mukh.io.Weather;
				PRODUCT_NAME = "$(TARGET_NAME)";
				SWIFT_VERSION = 5.0;
				TARGETED_DEVICE_FAMILY = "1,2";
			};
			name = Debug;
		};
		C9C9E6FE230E005A00A77A40 /* Release */ = {
			isa = XCBuildConfiguration;
			baseConfigurationReference = 926047E0FC5525823DE87EB6 /* Pods-Weather.release.xcconfig */;
			buildSettings = {
				ASSETCATALOG_COMPILER_APPICON_NAME = AppIcon;
				CODE_SIGN_STYLE = Automatic;
				INFOPLIST_FILE = Weather/Info.plist;
				LD_RUNPATH_SEARCH_PATHS = (
					"$(inherited)",
					"@executable_path/Frameworks",
				);
				PRODUCT_BUNDLE_IDENTIFIER = mukh.io.Weather;
				PRODUCT_NAME = "$(TARGET_NAME)";
				SWIFT_VERSION = 5.0;
				TARGETED_DEVICE_FAMILY = "1,2";
			};
			name = Release;
		};
		C9C9E700230E005A00A77A40 /* Debug */ = {
			isa = XCBuildConfiguration;
			baseConfigurationReference = FD00C7EC835D6599761FA811 /* Pods-WeatherTests.debug.xcconfig */;
			buildSettings = {
				ALWAYS_EMBED_SWIFT_STANDARD_LIBRARIES = YES;
				BUNDLE_LOADER = "$(TEST_HOST)";
				CODE_SIGN_STYLE = Automatic;
				INFOPLIST_FILE = WeatherTests/Info.plist;
				LD_RUNPATH_SEARCH_PATHS = (
					"$(inherited)",
					"@executable_path/Frameworks",
					"@loader_path/Frameworks",
				);
				PRODUCT_BUNDLE_IDENTIFIER = mukh.io.WeatherTests;
				PRODUCT_NAME = "$(TARGET_NAME)";
				SWIFT_VERSION = 5.0;
				TARGETED_DEVICE_FAMILY = "1,2";
				TEST_HOST = "$(BUILT_PRODUCTS_DIR)/Weather.app/Weather";
			};
			name = Debug;
		};
		C9C9E701230E005A00A77A40 /* Release */ = {
			isa = XCBuildConfiguration;
			baseConfigurationReference = 6B87BF27DEBB86DC69B91955 /* Pods-WeatherTests.release.xcconfig */;
			buildSettings = {
				ALWAYS_EMBED_SWIFT_STANDARD_LIBRARIES = YES;
				BUNDLE_LOADER = "$(TEST_HOST)";
				CODE_SIGN_STYLE = Automatic;
				INFOPLIST_FILE = WeatherTests/Info.plist;
				LD_RUNPATH_SEARCH_PATHS = (
					"$(inherited)",
					"@executable_path/Frameworks",
					"@loader_path/Frameworks",
				);
				PRODUCT_BUNDLE_IDENTIFIER = mukh.io.WeatherTests;
				PRODUCT_NAME = "$(TARGET_NAME)";
				SWIFT_VERSION = 5.0;
				TARGETED_DEVICE_FAMILY = "1,2";
				TEST_HOST = "$(BUILT_PRODUCTS_DIR)/Weather.app/Weather";
			};
			name = Release;
		};
		C9C9E703230E005A00A77A40 /* Debug */ = {
			isa = XCBuildConfiguration;
			baseConfigurationReference = 573B0BC9B8031EA1710C0490 /* Pods-WeatherUITests.debug.xcconfig */;
			buildSettings = {
				ALWAYS_EMBED_SWIFT_STANDARD_LIBRARIES = YES;
				CODE_SIGN_STYLE = Automatic;
				INFOPLIST_FILE = WeatherUITests/Info.plist;
				LD_RUNPATH_SEARCH_PATHS = (
					"$(inherited)",
					"@executable_path/Frameworks",
					"@loader_path/Frameworks",
				);
				PRODUCT_BUNDLE_IDENTIFIER = mukh.io.WeatherUITests;
				PRODUCT_NAME = "$(TARGET_NAME)";
				SWIFT_VERSION = 5.0;
				TARGETED_DEVICE_FAMILY = "1,2";
				TEST_TARGET_NAME = Weather;
			};
			name = Debug;
		};
		C9C9E704230E005A00A77A40 /* Release */ = {
			isa = XCBuildConfiguration;
			baseConfigurationReference = FA90D69282DB8FE3002E5199 /* Pods-WeatherUITests.release.xcconfig */;
			buildSettings = {
				ALWAYS_EMBED_SWIFT_STANDARD_LIBRARIES = YES;
				CODE_SIGN_STYLE = Automatic;
				INFOPLIST_FILE = WeatherUITests/Info.plist;
				LD_RUNPATH_SEARCH_PATHS = (
					"$(inherited)",
					"@executable_path/Frameworks",
					"@loader_path/Frameworks",
				);
				PRODUCT_BUNDLE_IDENTIFIER = mukh.io.WeatherUITests;
				PRODUCT_NAME = "$(TARGET_NAME)";
				SWIFT_VERSION = 5.0;
				TARGETED_DEVICE_FAMILY = "1,2";
				TEST_TARGET_NAME = Weather;
			};
			name = Release;
		};
/* End XCBuildConfiguration section */

/* Begin XCConfigurationList section */
		C9C9E6CF230E005900A77A40 /* Build configuration list for PBXProject "Weather" */ = {
			isa = XCConfigurationList;
			buildConfigurations = (
				C9C9E6FA230E005A00A77A40 /* Debug */,
				C9C9E6FB230E005A00A77A40 /* Release */,
			);
			defaultConfigurationIsVisible = 0;
			defaultConfigurationName = Release;
		};
		C9C9E6FC230E005A00A77A40 /* Build configuration list for PBXNativeTarget "Weather" */ = {
			isa = XCConfigurationList;
			buildConfigurations = (
				C9C9E6FD230E005A00A77A40 /* Debug */,
				C9C9E6FE230E005A00A77A40 /* Release */,
			);
			defaultConfigurationIsVisible = 0;
			defaultConfigurationName = Release;
		};
		C9C9E6FF230E005A00A77A40 /* Build configuration list for PBXNativeTarget "WeatherTests" */ = {
			isa = XCConfigurationList;
			buildConfigurations = (
				C9C9E700230E005A00A77A40 /* Debug */,
				C9C9E701230E005A00A77A40 /* Release */,
			);
			defaultConfigurationIsVisible = 0;
			defaultConfigurationName = Release;
		};
		C9C9E702230E005A00A77A40 /* Build configuration list for PBXNativeTarget "WeatherUITests" */ = {
			isa = XCConfigurationList;
			buildConfigurations = (
				C9C9E703230E005A00A77A40 /* Debug */,
				C9C9E704230E005A00A77A40 /* Release */,
			);
			defaultConfigurationIsVisible = 0;
			defaultConfigurationName = Release;
		};
/* End XCConfigurationList section */
	};
	rootObject = C9C9E6CC230E005900A77A40 /* Project object */;
}
